
Microsoft Visual Studio Solution File, Format Version 12.00
Project("{FAE04EC0-301F-11D3-BF4B-00C04F79EFBC}") = "MinimaxAlgorithm", "MinimaxAlgorithm\MinimaxAlgorithm.csproj", "{09B41CF9-F91B-457D-A0F5-A3BC1CF602D2}"
EndProject
Project("{FAE04EC0-301F-11D3-BF4B-00C04F79EFBC}") = "MinimaxTests", "MinimaxTests\MinimaxTests.csproj", "{A55834E2-48B6-465C-AA76-5FC501565E07}"
EndProject
Project("{FAE04EC0-301F-11D3-BF4B-00C04F79EFBC}") = "MinimaxAPI", "MinimaxAPI\MinimaxAPI.csproj", "{DC0B4539-FF4F-4697-B35E-9A9659BEFE1F}"
EndProject
Global
	GlobalSection(SolutionConfigurationPlatforms) = preSolution
		Debug|Any CPU = Debug|Any CPU
		Release|Any CPU = Release|Any CPU
	EndGlobalSection
	GlobalSection(ProjectConfigurationPlatforms) = postSolution
		{09B41CF9-F91B-457D-A0F5-A3BC1CF602D2}.Debug|Any CPU.ActiveCfg = Debug|Any CPU
		{09B41CF9-F91B-457D-A0F5-A3BC1CF602D2}.Debug|Any CPU.Build.0 = Debug|Any CPU
		{09B41CF9-F91B-457D-A0F5-A3BC1CF602D2}.Release|Any CPU.ActiveCfg = Release|Any CPU
		{09B41CF9-F91B-457D-A0F5-A3BC1CF602D2}.Release|Any CPU.Build.0 = Release|Any CPU
		{A55834E2-48B6-465C-AA76-5FC501565E07}.Debug|Any CPU.ActiveCfg = Debug|Any CPU
		{A55834E2-48B6-465C-AA76-5FC501565E07}.Debug|Any CPU.Build.0 = Debug|Any CPU
		{A55834E2-48B6-465C-AA76-5FC501565E07}.Release|Any CPU.ActiveCfg = Release|Any CPU
		{A55834E2-48B6-465C-AA76-5FC501565E07}.Release|Any CPU.Build.0 = Release|Any CPU
		{DC0B4539-FF4F-4697-B35E-9A9659BEFE1F}.Debug|Any CPU.ActiveCfg = Debug|Any CPU
		{DC0B4539-FF4F-4697-B35E-9A9659BEFE1F}.Debug|Any CPU.Build.0 = Debug|Any CPU
		{DC0B4539-FF4F-4697-B35E-9A9659BEFE1F}.Release|Any CPU.ActiveCfg = Release|Any CPU
		{DC0B4539-FF4F-4697-B35E-9A9659BEFE1F}.Release|Any CPU.Build.0 = Release|Any CPU
	EndGlobalSection
EndGlobal
